
Microsoft Visual Studio Solution File, Format Version 11.00
# Visual Studio 2010 Express for Windows Phone
Project("{FAE04EC0-301F-11D3-BF4B-00C04F79EFBC}") = "Boghe", "Boghe.csproj", "{A397EEDA-3D38-4CDD-A199-DC2A04F15874}"
EndProject
Project("{FAE04EC0-301F-11D3-BF4B-00C04F79EFBC}") = "Doubango-WP7", "Doubango-WP7\Doubango-WP7.csproj", "{461EA7A9-8436-4E93-995C-1FE6D7257053}"
EndProject
Global
	GlobalSection(SolutionConfigurationPlatforms) = preSolution
		Debug|Any CPU = Debug|Any CPU
		Release|Any CPU = Release|Any CPU
	EndGlobalSection
	GlobalSection(ProjectConfigurationPlatforms) = postSolution
		{A397EEDA-3D38-4CDD-A199-DC2A04F15874}.Debug|Any CPU.ActiveCfg = Debug|Any CPU
		{A397EEDA-3D38-4CDD-A199-DC2A04F15874}.Debug|Any CPU.Build.0 = Debug|Any CPU
		{A397EEDA-3D38-4CDD-A199-DC2A04F15874}.Debug|Any CPU.Deploy.0 = Debug|Any CPU
		{A397EEDA-3D38-4CDD-A199-DC2A04F15874}.Release|Any CPU.ActiveCfg = Release|Any CPU
		{A397EEDA-3D38-4CDD-A199-DC2A04F15874}.Release|Any CPU.Build.0 = Release|Any CPU
		{A397EEDA-3D38-4CDD-A199-DC2A04F15874}.Release|Any CPU.Deploy.0 = Release|Any CPU
		{461EA7A9-8436-4E93-995C-1FE6D7257053}.Debug|Any CPU.ActiveCfg = Debug|Any CPU
		{461EA7A9-8436-4E93-995C-1FE6D7257053}.Debug|Any CPU.Build.0 = Debug|Any CPU
		{461EA7A9-8436-4E93-995C-1FE6D7257053}.Release|Any CPU.ActiveCfg = Release|Any CPU
		{461EA7A9-8436-4E93-995C-1FE6D7257053}.Release|Any CPU.Build.0 = Release|Any CPU
	EndGlobalSection
	GlobalSection(SolutionProperties) = preSolution
		HideSolutionNode = FALSE
	EndGlobalSection
EndGlobal
